
Microsoft Visual Studio Solution File, Format Version 12.00
# Visual Studio Version 16
VisualStudioVersion = 16.0.30517.126
MinimumVisualStudioVersion = 10.0.40219.1
Project("{9A19103F-16F7-4668-BE54-9A1E7A4F7556}") = "FileSystem", "FileSystem\FileSystem.csproj", "{D3E98879-D942-4D6C-A604-0E475266DE9C}"
EndProject
Project("{9A19103F-16F7-4668-BE54-9A1E7A4F7556}") = "FileCreate", "FileCreate\FileCreate.csproj", "{CFA8C01A-DA99-4629-A589-D333BDD3B5EE}"
EndProject
Project("{FAE04EC0-301F-11D3-BF4B-00C04F79EFBC}") = "Lists", "Lists\Lists.csproj", "{9546D2C2-569E-4535-8E89-E487D288BAF7}"
EndProject
Global
	GlobalSection(SolutionConfigurationPlatforms) = preSolution
		Debug|Any CPU = Debug|Any CPU
		Release|Any CPU = Release|Any CPU
	EndGlobalSection
	GlobalSection(ProjectConfigurationPlatforms) = postSolution
		{D3E98879-D942-4D6C-A604-0E475266DE9C}.Debug|Any CPU.ActiveCfg = Debug|Any CPU
		{D3E98879-D942-4D6C-A604-0E475266DE9C}.Debug|Any CPU.Build.0 = Debug|Any CPU
		{D3E98879-D942-4D6C-A604-0E475266DE9C}.Release|Any CPU.ActiveCfg = Release|Any CPU
		{D3E98879-D942-4D6C-A604-0E475266DE9C}.Release|Any CPU.Build.0 = Release|Any CPU
		{CFA8C01A-DA99-4629-A589-D333BDD3B5EE}.Debug|Any CPU.ActiveCfg = Debug|Any CPU
		{CFA8C01A-DA99-4629-A589-D333BDD3B5EE}.Debug|Any CPU.Build.0 = Debug|Any CPU
		{CFA8C01A-DA99-4629-A589-D333BDD3B5EE}.Release|Any CPU.ActiveCfg = Release|Any CPU
		{CFA8C01A-DA99-4629-A589-D333BDD3B5EE}.Release|Any CPU.Build.0 = Release|Any CPU
		{9546D2C2-569E-4535-8E89-E487D288BAF7}.Debug|Any CPU.ActiveCfg = Debug|Any CPU
		{9546D2C2-569E-4535-8E89-E487D288BAF7}.Debug|Any CPU.Build.0 = Debug|Any CPU
		{9546D2C2-569E-4535-8E89-E487D288BAF7}.Release|Any CPU.ActiveCfg = Release|Any CPU
		{9546D2C2-569E-4535-8E89-E487D288BAF7}.Release|Any CPU.Build.0 = Release|Any CPU
	EndGlobalSection
	GlobalSection(SolutionProperties) = preSolution
		HideSolutionNode = FALSE
	EndGlobalSection
	GlobalSection(ExtensibilityGlobals) = postSolution
		SolutionGuid = {EF948CAC-B61E-4A71-A707-D3363F2EC16F}
	EndGlobalSection
EndGlobal
